
Microsoft Visual Studio Solution File, Format Version 12.00
# Visual Studio Version 17
VisualStudioVersion = 17.14.36616.10
MinimumVisualStudioVersion = 10.0.40219.1
Project("{FAE04EC0-301F-11D3-BF4B-00C04F79EFBC}") = "StadOntwikkeling_WPF", "StadOntwikkeling_WPF\StadOntwikkeling_WPF.csproj", "{9226AD21-8DE3-4826-B3BA-0C893A9CCD37}"
EndProject
Project("{FAE04EC0-301F-11D3-BF4B-00C04F79EFBC}") = "StadOntwikkeling_DL", "StadOntwikkeling_DL\StadOntwikkeling_DL.csproj", "{7388D015-4FAF-45D3-8D8F-E73F73242245}"
EndProject
Project("{FAE04EC0-301F-11D3-BF4B-00C04F79EFBC}") = "StadOntwikkeling_BL", "StadOntwikkeling_BL\StadOntwikkeling_BL.csproj", "{B3368D6F-7349-4518-B19B-B2FC172E6BBC}"
EndProject
Project("{FAE04EC0-301F-11D3-BF4B-00C04F79EFBC}") = "StadOntwikkeling_Tests", "StadOntwikkeling_Tests\StadOntwikkeling_Tests.csproj", "{DA7D908B-0F20-41A2-B802-FC92ECA350F2}"
EndProject
Global
	GlobalSection(SolutionConfigurationPlatforms) = preSolution
		Debug|Any CPU = Debug|Any CPU
		Release|Any CPU = Release|Any CPU
	EndGlobalSection
	GlobalSection(ProjectConfigurationPlatforms) = postSolution
		{9226AD21-8DE3-4826-B3BA-0C893A9CCD37}.Debug|Any CPU.ActiveCfg = Debug|Any CPU
		{9226AD21-8DE3-4826-B3BA-0C893A9CCD37}.Debug|Any CPU.Build.0 = Debug|Any CPU
		{9226AD21-8DE3-4826-B3BA-0C893A9CCD37}.Release|Any CPU.ActiveCfg = Release|Any CPU
		{9226AD21-8DE3-4826-B3BA-0C893A9CCD37}.Release|Any CPU.Build.0 = Release|Any CPU
		{7388D015-4FAF-45D3-8D8F-E73F73242245}.Debug|Any CPU.ActiveCfg = Debug|Any CPU
		{7388D015-4FAF-45D3-8D8F-E73F73242245}.Debug|Any CPU.Build.0 = Debug|Any CPU
		{7388D015-4FAF-45D3-8D8F-E73F73242245}.Release|Any CPU.ActiveCfg = Release|Any CPU
		{7388D015-4FAF-45D3-8D8F-E73F73242245}.Release|Any CPU.Build.0 = Release|Any CPU
		{B3368D6F-7349-4518-B19B-B2FC172E6BBC}.Debug|Any CPU.ActiveCfg = Debug|Any CPU
		{B3368D6F-7349-4518-B19B-B2FC172E6BBC}.Debug|Any CPU.Build.0 = Debug|Any CPU
		{B3368D6F-7349-4518-B19B-B2FC172E6BBC}.Release|Any CPU.ActiveCfg = Release|Any CPU
		{B3368D6F-7349-4518-B19B-B2FC172E6BBC}.Release|Any CPU.Build.0 = Release|Any CPU
		{DA7D908B-0F20-41A2-B802-FC92ECA350F2}.Debug|Any CPU.ActiveCfg = Debug|Any CPU
		{DA7D908B-0F20-41A2-B802-FC92ECA350F2}.Debug|Any CPU.Build.0 = Debug|Any CPU
		{DA7D908B-0F20-41A2-B802-FC92ECA350F2}.Release|Any CPU.ActiveCfg = Release|Any CPU
		{DA7D908B-0F20-41A2-B802-FC92ECA350F2}.Release|Any CPU.Build.0 = Release|Any CPU
	EndGlobalSection
	GlobalSection(SolutionProperties) = preSolution
		HideSolutionNode = FALSE
	EndGlobalSection
	GlobalSection(ExtensibilityGlobals) = postSolution
		SolutionGuid = {13EEF8C9-132A-455B-A2EE-7872D9E9001C}
	EndGlobalSection
EndGlobal
